
Microsoft Visual Studio Solution File, Format Version 12.00
# Visual Studio Version 17
VisualStudioVersion = 17.3.32804.467
MinimumVisualStudioVersion = 10.0.40219.1
Project("{FAE04EC0-301F-11D3-BF4B-00C04F79EFBC}") = "MarketPlays", "MarketPlays.csproj", "{3A083417-32AE-4896-BDC0-30A4EEBBCABC}"
EndProject
Global
	GlobalSection(SolutionConfigurationPlatforms) = preSolution
		Debug|Any CPU = Debug|Any CPU
		Release|Any CPU = Release|Any CPU
	EndGlobalSection
	GlobalSection(ProjectConfigurationPlatforms) = postSolution
		{3A083417-32AE-4896-BDC0-30A4EEBBCABC}.Debug|Any CPU.ActiveCfg = Debug|Any CPU
		{3A083417-32AE-4896-BDC0-30A4EEBBCABC}.Debug|Any CPU.Build.0 = Debug|Any CPU
		{3A083417-32AE-4896-BDC0-30A4EEBBCABC}.Release|Any CPU.ActiveCfg = Release|Any CPU
		{3A083417-32AE-4896-BDC0-30A4EEBBCABC}.Release|Any CPU.Build.0 = Release|Any CPU
	EndGlobalSection
	GlobalSection(SolutionProperties) = preSolution
		HideSolutionNode = FALSE
	EndGlobalSection
	GlobalSection(ExtensibilityGlobals) = postSolution
		SolutionGuid = {9D6E12FC-BDAB-4275-953E-CB0CD43E81EA}
	EndGlobalSection
EndGlobal
